
Microsoft Visual Studio Solution File, Format Version 12.00
# Visual Studio 14
VisualStudioVersion = 14.0.25420.1
MinimumVisualStudioVersion = 10.0.40219.1
Project("{2150E333-8FDC-42A3-9474-1A3956D46DE8}") = "src", "src", "{C505C1B9-503B-4736-B972-3E80971497F5}"
EndProject
Project("{2150E333-8FDC-42A3-9474-1A3956D46DE8}") = "Solution Items", "Solution Items", "{17CAC2D7-B67F-4D84-BC16-F69E791172A5}"
	ProjectSection(SolutionItems) = preProject
		global.json = global.json
	EndProjectSection
EndProject
Project("{8BB2217D-0F2D-49D1-97BC-3654ED321F3B}") = "A_3a_oara_e_cu_noroc", "src\A_3a_oara_e_cu_noroc\A_3a_oara_e_cu_noroc.xproj", "{982358FF-459C-4B77-9BED-2886005F858B}"
EndProject
Global
	GlobalSection(SolutionConfigurationPlatforms) = preSolution
		Debug|Any CPU = Debug|Any CPU
		Release|Any CPU = Release|Any CPU
	EndGlobalSection
	GlobalSection(ProjectConfigurationPlatforms) = postSolution
		{982358FF-459C-4B77-9BED-2886005F858B}.Debug|Any CPU.ActiveCfg = Debug|Any CPU
		{982358FF-459C-4B77-9BED-2886005F858B}.Debug|Any CPU.Build.0 = Debug|Any CPU
		{982358FF-459C-4B77-9BED-2886005F858B}.Release|Any CPU.ActiveCfg = Release|Any CPU
		{982358FF-459C-4B77-9BED-2886005F858B}.Release|Any CPU.Build.0 = Release|Any CPU
	EndGlobalSection
	GlobalSection(SolutionProperties) = preSolution
		HideSolutionNode = FALSE
	EndGlobalSection
	GlobalSection(NestedProjects) = preSolution
		{982358FF-459C-4B77-9BED-2886005F858B} = {C505C1B9-503B-4736-B972-3E80971497F5}
	EndGlobalSection
EndGlobal
